// !$*UTF8*$!
{
	archiveVersion = 1;
	classes = {
	};
	objectVersion = 55;
	objects = {

/* Begin PBXBuildFile section */
		19974B0E2B3C4B8D8E8F22AB /* Pods_TryBGTask_TryBGTaskUITests.framework in Frameworks */ = {isa = PBXBuildFile; fileRef = 0A8E368D81EF5699BFA9A738 /* Pods_TryBGTask_TryBGTaskUITests.framework */; };
		29A5713C46C10EC581AD49AE /* Pods_TryBGTaskTests.framework in Frameworks */ = {isa = PBXBuildFile; fileRef = 3CBD9314692127C248D4F651 /* Pods_TryBGTaskTests.framework */; };
		66CA6669284D3D140094A0B1 /* AppDelegate.swift in Sources */ = {isa = PBXBuildFile; fileRef = 66CA6668284D3D140094A0B1 /* AppDelegate.swift */; };
		66CA666B284D3D140094A0B1 /* SceneDelegate.swift in Sources */ = {isa = PBXBuildFile; fileRef = 66CA666A284D3D140094A0B1 /* SceneDelegate.swift */; };
		66CA666D284D3D140094A0B1 /* ViewController.swift in Sources */ = {isa = PBXBuildFile; fileRef = 66CA666C284D3D140094A0B1 /* ViewController.swift */; };
		66CA6670284D3D140094A0B1 /* Main.storyboard in Resources */ = {isa = PBXBuildFile; fileRef = 66CA666E284D3D140094A0B1 /* Main.storyboard */; };
		66CA6672284D3D160094A0B1 /* Assets.xcassets in Resources */ = {isa = PBXBuildFile; fileRef = 66CA6671284D3D160094A0B1 /* Assets.xcassets */; };
		66CA6675284D3D160094A0B1 /* LaunchScreen.storyboard in Resources */ = {isa = PBXBuildFile; fileRef = 66CA6673284D3D160094A0B1 /* LaunchScreen.storyboard */; };
		66CA6680284D3D160094A0B1 /* TryBGTaskTests.swift in Sources */ = {isa = PBXBuildFile; fileRef = 66CA667F284D3D160094A0B1 /* TryBGTaskTests.swift */; };
		66CA668A284D3D160094A0B1 /* TryBGTaskUITests.swift in Sources */ = {isa = PBXBuildFile; fileRef = 66CA6689284D3D160094A0B1 /* TryBGTaskUITests.swift */; };
		66CA668C284D3D160094A0B1 /* TryBGTaskUITestsLaunchTests.swift in Sources */ = {isa = PBXBuildFile; fileRef = 66CA668B284D3D160094A0B1 /* TryBGTaskUITestsLaunchTests.swift */; };
		66CA669C284D5A2E0094A0B1 /* qrIllustration.png in Resources */ = {isa = PBXBuildFile; fileRef = 66CA669B284D5A2E0094A0B1 /* qrIllustration.png */; };
		D9FCAD6BBFE6AFE4A230A077 /* Pods_TryBGTask.framework in Frameworks */ = {isa = PBXBuildFile; fileRef = F0E754710032494F02EC2112 /* Pods_TryBGTask.framework */; };
/* End PBXBuildFile section */

/* Begin PBXContainerItemProxy section */
		66CA667C284D3D160094A0B1 /* PBXContainerItemProxy */ = {
			isa = PBXContainerItemProxy;
			containerPortal = 66CA665D284D3D140094A0B1 /* Project object */;
			proxyType = 1;
			remoteGlobalIDString = 66CA6664284D3D140094A0B1;
			remoteInfo = TryBGTask;
		};
		66CA6686284D3D160094A0B1 /* PBXContainerItemProxy */ = {
			isa = PBXContainerItemProxy;
			containerPortal = 66CA665D284D3D140094A0B1 /* Project object */;
			proxyType = 1;
			remoteGlobalIDString = 66CA6664284D3D140094A0B1;
			remoteInfo = TryBGTask;
		};
/* End PBXContainerItemProxy section */

/* Begin PBXFileReference section */
		0A8E368D81EF5699BFA9A738 /* Pods_TryBGTask_TryBGTaskUITests.framework */ = {isa = PBXFileReference; explicitFileType = wrapper.framework; includeInIndex = 0; path = Pods_TryBGTask_TryBGTaskUITests.framework; sourceTree = BUILT_PRODUCTS_DIR; };
		13F347B100A0F49B4CE7296A /* Pods-TryBGTask.release.xcconfig */ = {isa = PBXFileReference; includeInIndex = 1; lastKnownFileType = text.xcconfig; name = "Pods-TryBGTask.release.xcconfig"; path = "Target Support Files/Pods-TryBGTask/Pods-TryBGTask.release.xcconfig"; sourceTree = "<group>"; };
		3CBD9314692127C248D4F651 /* Pods_TryBGTaskTests.framework */ = {isa = PBXFileReference; explicitFileType = wrapper.framework; includeInIndex = 0; path = Pods_TryBGTaskTests.framework; sourceTree = BUILT_PRODUCTS_DIR; };
		635506D5AED69660481019F4 /* Pods-TryBGTask-TryBGTaskUITests.debug.xcconfig */ = {isa = PBXFileReference; includeInIndex = 1; lastKnownFileType = text.xcconfig; name = "Pods-TryBGTask-TryBGTaskUITests.debug.xcconfig"; path = "Target Support Files/Pods-TryBGTask-TryBGTaskUITests/Pods-TryBGTask-TryBGTaskUITests.debug.xcconfig"; sourceTree = "<group>"; };
		665CEE862A04066C25655E37 /* Pods-TryBGTask-TryBGTaskUITests.release.xcconfig */ = {isa = PBXFileReference; includeInIndex = 1; lastKnownFileType = text.xcconfig; name = "Pods-TryBGTask-TryBGTaskUITests.release.xcconfig"; path = "Target Support Files/Pods-TryBGTask-TryBGTaskUITests/Pods-TryBGTask-TryBGTaskUITests.release.xcconfig"; sourceTree = "<group>"; };
		66CA6665284D3D140094A0B1 /* TryBGTask.app */ = {isa = PBXFileReference; explicitFileType = wrapper.application; includeInIndex = 0; path = TryBGTask.app; sourceTree = BUILT_PRODUCTS_DIR; };
		66CA6668284D3D140094A0B1 /* AppDelegate.swift */ = {isa = PBXFileReference; lastKnownFileType = sourcecode.swift; path = AppDelegate.swift; sourceTree = "<group>"; };
		66CA666A284D3D140094A0B1 /* SceneDelegate.swift */ = {isa = PBXFileReference; lastKnownFileType = sourcecode.swift; path = SceneDelegate.swift; sourceTree = "<group>"; };
		66CA666C284D3D140094A0B1 /* ViewController.swift */ = {isa = PBXFileReference; lastKnownFileType = sourcecode.swift; path = ViewController.swift; sourceTree = "<group>"; };
		66CA666F284D3D140094A0B1 /* Base */ = {isa = PBXFileReference; lastKnownFileType = file.storyboard; name = Base; path = Base.lproj/Main.storyboard; sourceTree = "<group>"; };
		66CA6671284D3D160094A0B1 /* Assets.xcassets */ = {isa = PBXFileReference; lastKnownFileType = folder.assetcatalog; path = Assets.xcassets; sourceTree = "<group>"; };
		66CA6674284D3D160094A0B1 /* Base */ = {isa = PBXFileReference; lastKnownFileType = file.storyboard; name = Base; path = Base.lproj/LaunchScreen.storyboard; sourceTree = "<group>"; };
		66CA6676284D3D160094A0B1 /* Info.plist */ = {isa = PBXFileReference; lastKnownFileType = text.plist.xml; path = Info.plist; sourceTree = "<group>"; };
		66CA667B284D3D160094A0B1 /* TryBGTaskTests.xctest */ = {isa = PBXFileReference; explicitFileType = wrapper.cfbundle; includeInIndex = 0; path = TryBGTaskTests.xctest; sourceTree = BUILT_PRODUCTS_DIR; };
		66CA667F284D3D160094A0B1 /* TryBGTaskTests.swift */ = {isa = PBXFileReference; lastKnownFileType = sourcecode.swift; path = TryBGTaskTests.swift; sourceTree = "<group>"; };
		66CA6685284D3D160094A0B1 /* TryBGTaskUITests.xctest */ = {isa = PBXFileReference; explicitFileType = wrapper.cfbundle; includeInIndex = 0; path = TryBGTaskUITests.xctest; sourceTree = BUILT_PRODUCTS_DIR; };
		66CA6689284D3D160094A0B1 /* TryBGTaskUITests.swift */ = {isa = PBXFileReference; lastKnownFileType = sourcecode.swift; path = TryBGTaskUITests.swift; sourceTree = "<group>"; };
		66CA668B284D3D160094A0B1 /* TryBGTaskUITestsLaunchTests.swift */ = {isa = PBXFileReference; lastKnownFileType = sourcecode.swift; path = TryBGTaskUITestsLaunchTests.swift; sourceTree = "<group>"; };
		66CA669A284D52B50094A0B1 /* TryBGTask.entitlements */ = {isa = PBXFileReference; lastKnownFileType = text.plist.entitlements; path = TryBGTask.entitlements; sourceTree = "<group>"; };
		66CA669B284D5A2E0094A0B1 /* qrIllustration.png */ = {isa = PBXFileReference; lastKnownFileType = image.png; path = qrIllustration.png; sourceTree = "<group>"; };
		66FA30AF286B1B0B0077F8E8 /* TryBGTask-Bridging-Header.h */ = {isa = PBXFileReference; lastKnownFileType = sourcecode.c.h; path = "TryBGTask-Bridging-Header.h"; sourceTree = "<group>"; };
		81FBDB9AFBA57F783DCEC7DD /* Pods-TryBGTaskTests.release.xcconfig */ = {isa = PBXFileReference; includeInIndex = 1; lastKnownFileType = text.xcconfig; name = "Pods-TryBGTaskTests.release.xcconfig"; path = "Target Support Files/Pods-TryBGTaskTests/Pods-TryBGTaskTests.release.xcconfig"; sourceTree = "<group>"; };
		C92C517A48041199B9CD7B1E /* Pods-TryBGTask.debug.xcconfig */ = {isa = PBXFileReference; includeInIndex = 1; lastKnownFileType = text.xcconfig; name = "Pods-TryBGTask.debug.xcconfig"; path = "Target Support Files/Pods-TryBGTask/Pods-TryBGTask.debug.xcconfig"; sourceTree = "<group>"; };
		F0E754710032494F02EC2112 /* Pods_TryBGTask.framework */ = {isa = PBXFileReference; explicitFileType = wrapper.framework; includeInIndex = 0; path = Pods_TryBGTask.framework; sourceTree = BUILT_PRODUCTS_DIR; };
		FC8D7E4CA2F1349AE67D15CE /* Pods-TryBGTaskTests.debug.xcconfig */ = {isa = PBXFileReference; includeInIndex = 1; lastKnownFileType = text.xcconfig; name = "Pods-TryBGTaskTests.debug.xcconfig"; path = "Target Support Files/Pods-TryBGTaskTests/Pods-TryBGTaskTests.debug.xcconfig"; sourceTree = "<group>"; };
/* End PBXFileReference section */

/* Begin PBXFrameworksBuildPhase section */
		66CA6662284D3D140094A0B1 /* Frameworks */ = {
			isa = PBXFrameworksBuildPhase;
			buildActionMask = 2147483647;
			files = (
				D9FCAD6BBFE6AFE4A230A077 /* Pods_TryBGTask.framework in Frameworks */,
			);
			runOnlyForDeploymentPostprocessing = 0;
		};
		66CA6678284D3D160094A0B1 /* Frameworks */ = {
			isa = PBXFrameworksBuildPhase;
			buildActionMask = 2147483647;
			files = (
				29A5713C46C10EC581AD49AE /* Pods_TryBGTaskTests.framework in Frameworks */,
			);
			runOnlyForDeploymentPostprocessing = 0;
		};
		66CA6682284D3D160094A0B1 /* Frameworks */ = {
			isa = PBXFrameworksBuildPhase;
			buildActionMask = 2147483647;
			files = (
				19974B0E2B3C4B8D8E8F22AB /* Pods_TryBGTask_TryBGTaskUITests.framework in Frameworks */,
			);
			runOnlyForDeploymentPostprocessing = 0;
		};
/* End PBXFrameworksBuildPhase section */

/* Begin PBXGroup section */
		3852606989154B1A9BD9137A /* Frameworks */ = {
			isa = PBXGroup;
			children = (
				F0E754710032494F02EC2112 /* Pods_TryBGTask.framework */,
				0A8E368D81EF5699BFA9A738 /* Pods_TryBGTask_TryBGTaskUITests.framework */,
				3CBD9314692127C248D4F651 /* Pods_TryBGTaskTests.framework */,
			);
			name = Frameworks;
			sourceTree = "<group>";
		};
		3B54A048C8267068B13501E6 /* Pods */ = {
			isa = PBXGroup;
			children = (
				C92C517A48041199B9CD7B1E /* Pods-TryBGTask.debug.xcconfig */,
				13F347B100A0F49B4CE7296A /* Pods-TryBGTask.release.xcconfig */,
				635506D5AED69660481019F4 /* Pods-TryBGTask-TryBGTaskUITests.debug.xcconfig */,
				665CEE862A04066C25655E37 /* Pods-TryBGTask-TryBGTaskUITests.release.xcconfig */,
				FC8D7E4CA2F1349AE67D15CE /* Pods-TryBGTaskTests.debug.xcconfig */,
				81FBDB9AFBA57F783DCEC7DD /* Pods-TryBGTaskTests.release.xcconfig */,
			);
			path = Pods;
			sourceTree = "<group>";
		};
		66CA665C284D3D140094A0B1 = {
			isa = PBXGroup;
			children = (
				66CA6667284D3D140094A0B1 /* TryBGTask */,
				66CA667E284D3D160094A0B1 /* TryBGTaskTests */,
				66CA6688284D3D160094A0B1 /* TryBGTaskUITests */,
				66CA6666284D3D140094A0B1 /* Products */,
				3B54A048C8267068B13501E6 /* Pods */,
				3852606989154B1A9BD9137A /* Frameworks */,
			);
			sourceTree = "<group>";
		};
		66CA6666284D3D140094A0B1 /* Products */ = {
			isa = PBXGroup;
			children = (
				66CA6665284D3D140094A0B1 /* TryBGTask.app */,
				66CA667B284D3D160094A0B1 /* TryBGTaskTests.xctest */,
				66CA6685284D3D160094A0B1 /* TryBGTaskUITests.xctest */,
			);
			name = Products;
			sourceTree = "<group>";
		};
		66CA6667284D3D140094A0B1 /* TryBGTask */ = {
			isa = PBXGroup;
			children = (
				66CA669A284D52B50094A0B1 /* TryBGTask.entitlements */,
				66CA6668284D3D140094A0B1 /* AppDelegate.swift */,
				66CA669B284D5A2E0094A0B1 /* qrIllustration.png */,
				66CA666A284D3D140094A0B1 /* SceneDelegate.swift */,
				66CA666C284D3D140094A0B1 /* ViewController.swift */,
				66CA666E284D3D140094A0B1 /* Main.storyboard */,
				66CA6671284D3D160094A0B1 /* Assets.xcassets */,
				66CA6673284D3D160094A0B1 /* LaunchScreen.storyboard */,
				66CA6676284D3D160094A0B1 /* Info.plist */,
				66FA30AF286B1B0B0077F8E8 /* TryBGTask-Bridging-Header.h */,
			);
			path = TryBGTask;
			sourceTree = "<group>";
		};
		66CA667E284D3D160094A0B1 /* TryBGTaskTests */ = {
			isa = PBXGroup;
			children = (
				66CA667F284D3D160094A0B1 /* TryBGTaskTests.swift */,
			);
			path = TryBGTaskTests;
			sourceTree = "<group>";
		};
		66CA6688284D3D160094A0B1 /* TryBGTaskUITests */ = {
			isa = PBXGroup;
			children = (
				66CA6689284D3D160094A0B1 /* TryBGTaskUITests.swift */,
				66CA668B284D3D160094A0B1 /* TryBGTaskUITestsLaunchTests.swift */,
			);
			path = TryBGTaskUITests;
			sourceTree = "<group>";
		};
/* End PBXGroup section */

/* Begin PBXNativeTarget section */
		66CA6664284D3D140094A0B1 /* TryBGTask */ = {
			isa = PBXNativeTarget;
			buildConfigurationList = 66CA668F284D3D160094A0B1 /* Build configuration list for PBXNativeTarget "TryBGTask" */;
			buildPhases = (
				9BF2A0DE4465A2627016B15A /* [CP] Check Pods Manifest.lock */,
				66CA6661284D3D140094A0B1 /* Sources */,
				66CA6662284D3D140094A0B1 /* Frameworks */,
				66CA6663284D3D140094A0B1 /* Resources */,
				0192BDB54A9E95AD5898D3CE /* [CP] Embed Pods Frameworks */,
			);
			buildRules = (
			);
			dependencies = (
			);
			name = TryBGTask;
			productName = TryBGTask;
			productReference = 66CA6665284D3D140094A0B1 /* TryBGTask.app */;
			productType = "com.apple.product-type.application";
		};
		66CA667A284D3D160094A0B1 /* TryBGTaskTests */ = {
			isa = PBXNativeTarget;
			buildConfigurationList = 66CA6692284D3D160094A0B1 /* Build configuration list for PBXNativeTarget "TryBGTaskTests" */;
			buildPhases = (
				8B2C60B0C3CB6CA984582A0E /* [CP] Check Pods Manifest.lock */,
				66CA6677284D3D160094A0B1 /* Sources */,
				66CA6678284D3D160094A0B1 /* Frameworks */,
				66CA6679284D3D160094A0B1 /* Resources */,
			);
			buildRules = (
			);
			dependencies = (
				66CA667D284D3D160094A0B1 /* PBXTargetDependency */,
			);
			name = TryBGTaskTests;
			productName = TryBGTaskTests;
			productReference = 66CA667B284D3D160094A0B1 /* TryBGTaskTests.xctest */;
			productType = "com.apple.product-type.bundle.unit-test";
		};
		66CA6684284D3D160094A0B1 /* TryBGTaskUITests */ = {
			isa = PBXNativeTarget;
			buildConfigurationList = 66CA6695284D3D160094A0B1 /* Build configuration list for PBXNativeTarget "TryBGTaskUITests" */;
			buildPhases = (
				21A48B32CDFC2E8098F0A9A4 /* [CP] Check Pods Manifest.lock */,
				66CA6681284D3D160094A0B1 /* Sources */,
				66CA6682284D3D160094A0B1 /* Frameworks */,
				66CA6683284D3D160094A0B1 /* Resources */,
				443BAF8010746570B10B5B25 /* [CP] Embed Pods Frameworks */,
			);
			buildRules = (
			);
			dependencies = (
				66CA6687284D3D160094A0B1 /* PBXTargetDependency */,
			);
			name = TryBGTaskUITests;
			productName = TryBGTaskUITests;
			productReference = 66CA6685284D3D160094A0B1 /* TryBGTaskUITests.xctest */;
			productType = "com.apple.product-type.bundle.ui-testing";
		};
/* End PBXNativeTarget section */

/* Begin PBXProject section */
		66CA665D284D3D140094A0B1 /* Project object */ = {
			isa = PBXProject;
			attributes = {
				BuildIndependentTargetsInParallel = 1;
				LastSwiftUpdateCheck = 1340;
				LastUpgradeCheck = 1340;
				TargetAttributes = {
					66CA6664284D3D140094A0B1 = {
						CreatedOnToolsVersion = 13.4;
						LastSwiftMigration = 1340;
					};
					66CA667A284D3D160094A0B1 = {
						CreatedOnToolsVersion = 13.4;
						TestTargetID = 66CA6664284D3D140094A0B1;
					};
					66CA6684284D3D160094A0B1 = {
						CreatedOnToolsVersion = 13.4;
						TestTargetID = 66CA6664284D3D140094A0B1;
					};
				};
			};
			buildConfigurationList = 66CA6660284D3D140094A0B1 /* Build configuration list for PBXProject "TryBGTask" */;
			compatibilityVersion = "Xcode 13.0";
			developmentRegion = en;
			hasScannedForEncodings = 0;
			knownRegions = (
				en,
				Base,
			);
			mainGroup = 66CA665C284D3D140094A0B1;
			productRefGroup = 66CA6666284D3D140094A0B1 /* Products */;
			projectDirPath = "";
			projectRoot = "";
			targets = (
				66CA6664284D3D140094A0B1 /* TryBGTask */,
				66CA667A284D3D160094A0B1 /* TryBGTaskTests */,
				66CA6684284D3D160094A0B1 /* TryBGTaskUITests */,
			);
		};
/* End PBXProject section */

/* Begin PBXResourcesBuildPhase section */
		66CA6663284D3D140094A0B1 /* Resources */ = {
			isa = PBXResourcesBuildPhase;
			buildActionMask = 2147483647;
			files = (
				66CA6675284D3D160094A0B1 /* LaunchScreen.storyboard in Resources */,
				66CA6672284D3D160094A0B1 /* Assets.xcassets in Resources */,
				66CA669C284D5A2E0094A0B1 /* qrIllustration.png in Resources */,
				66CA6670284D3D140094A0B1 /* Main.storyboard in Resources */,
			);
			runOnlyForDeploymentPostprocessing = 0;
		};
		66CA6679284D3D160094A0B1 /* Resources */ = {
			isa = PBXResourcesBuildPhase;
			buildActionMask = 2147483647;
			files = (
			);
			runOnlyForDeploymentPostprocessing = 0;
		};
		66CA6683284D3D160094A0B1 /* Resources */ = {
			isa = PBXResourcesBuildPhase;
			buildActionMask = 2147483647;
			files = (
			);
			runOnlyForDeploymentPostprocessing = 0;
		};
/* End PBXResourcesBuildPhase section */

/* Begin PBXShellScriptBuildPhase section */
		0192BDB54A9E95AD5898D3CE /* [CP] Embed Pods Frameworks */ = {
			isa = PBXShellScriptBuildPhase;
			buildActionMask = 2147483647;
			files = (
			);
			inputFileListPaths = (
				"${PODS_ROOT}/Target Support Files/Pods-TryBGTask/Pods-TryBGTask-frameworks-${CONFIGURATION}-input-files.xcfilelist",
			);
			name = "[CP] Embed Pods Frameworks";
			outputFileListPaths = (
				"${PODS_ROOT}/Target Support Files/Pods-TryBGTask/Pods-TryBGTask-frameworks-${CONFIGURATION}-output-files.xcfilelist",
			);
			runOnlyForDeploymentPostprocessing = 0;
			shellPath = /bin/sh;
			shellScript = "\"${PODS_ROOT}/Target Support Files/Pods-TryBGTask/Pods-TryBGTask-frameworks.sh\"\n";
			showEnvVarsInLog = 0;
		};
		21A48B32CDFC2E8098F0A9A4 /* [CP] Check Pods Manifest.lock */ = {
			isa = PBXShellScriptBuildPhase;
			buildActionMask = 2147483647;
			files = (
			);
			inputFileListPaths = (
			);
			inputPaths = (
				"${PODS_PODFILE_DIR_PATH}/Podfile.lock",
				"${PODS_ROOT}/Manifest.lock",
			);
			name = "[CP] Check Pods Manifest.lock";
			outputFileListPaths = (
			);
			outputPaths = (
				"$(DERIVED_FILE_DIR)/Pods-TryBGTask-TryBGTaskUITests-checkManifestLockResult.txt",
			);
			runOnlyForDeploymentPostprocessing = 0;
			shellPath = /bin/sh;
			shellScript = "diff \"${PODS_PODFILE_DIR_PATH}/Podfile.lock\" \"${PODS_ROOT}/Manifest.lock\" > /dev/null\nif [ $? != 0 ] ; then\n    # print error to STDERR\n    echo \"error: The sandbox is not in sync with the Podfile.lock. Run 'pod install' or update your CocoaPods installation.\" >&2\n    exit 1\nfi\n# This output is used by Xcode 'outputs' to avoid re-running this script phase.\necho \"SUCCESS\" > \"${SCRIPT_OUTPUT_FILE_0}\"\n";
			showEnvVarsInLog = 0;
		};
		443BAF8010746570B10B5B25 /* [CP] Embed Pods Frameworks */ = {
			isa = PBXShellScriptBuildPhase;
			buildActionMask = 2147483647;
			files = (
			);
			inputFileListPaths = (
				"${PODS_ROOT}/Target Support Files/Pods-TryBGTask-TryBGTaskUITests/Pods-TryBGTask-TryBGTaskUITests-frameworks-${CONFIGURATION}-input-files.xcfilelist",
			);
			name = "[CP] Embed Pods Frameworks";
			outputFileListPaths = (
				"${PODS_ROOT}/Target Support Files/Pods-TryBGTask-TryBGTaskUITests/Pods-TryBGTask-TryBGTaskUITests-frameworks-${CONFIGURATION}-output-files.xcfilelist",
			);
			runOnlyForDeploymentPostprocessing = 0;
			shellPath = /bin/sh;
			shellScript = "\"${PODS_ROOT}/Target Support Files/Pods-TryBGTask-TryBGTaskUITests/Pods-TryBGTask-TryBGTaskUITests-frameworks.sh\"\n";
			showEnvVarsInLog = 0;
		};
		8B2C60B0C3CB6CA984582A0E /* [CP] Check Pods Manifest.lock */ = {
			isa = PBXShellScriptBuildPhase;
			buildActionMask = 2147483647;
			files = (
			);
			inputFileListPaths = (
			);
			inputPaths = (
				"${PODS_PODFILE_DIR_PATH}/Podfile.lock",
				"${PODS_ROOT}/Manifest.lock",
			);
			name = "[CP] Check Pods Manifest.lock";
			outputFileListPaths = (
			);
			outputPaths = (
				"$(DERIVED_FILE_DIR)/Pods-TryBGTaskTests-checkManifestLockResult.txt",
			);
			runOnlyForDeploymentPostprocessing = 0;
			shellPath = /bin/sh;
			shellScript = "diff \"${PODS_PODFILE_DIR_PATH}/Podfile.lock\" \"${PODS_ROOT}/Manifest.lock\" > /dev/null\nif [ $? != 0 ] ; then\n    # print error to STDERR\n    echo \"error: The sandbox is not in sync with the Podfile.lock. Run 'pod install' or update your CocoaPods installation.\" >&2\n    exit 1\nfi\n# This output is used by Xcode 'outputs' to avoid re-running this script phase.\necho \"SUCCESS\" > \"${SCRIPT_OUTPUT_FILE_0}\"\n";
			showEnvVarsInLog = 0;
		};
		9BF2A0DE4465A2627016B15A /* [CP] Check Pods Manifest.lock */ = {
			isa = PBXShellScriptBuildPhase;
			buildActionMask = 2147483647;
			files = (
			);
			inputFileListPaths = (
			);
			inputPaths = (
				"${PODS_PODFILE_DIR_PATH}/Podfile.lock",
				"${PODS_ROOT}/Manifest.lock",
			);
			name = "[CP] Check Pods Manifest.lock";
			outputFileListPaths = (
			);
			outputPaths = (
				"$(DERIVED_FILE_DIR)/Pods-TryBGTask-checkManifestLockResult.txt",
			);
			runOnlyForDeploymentPostprocessing = 0;
			shellPath = /bin/sh;
			shellScript = "diff \"${PODS_PODFILE_DIR_PATH}/Podfile.lock\" \"${PODS_ROOT}/Manifest.lock\" > /dev/null\nif [ $? != 0 ] ; then\n    # print error to STDERR\n    echo \"error: The sandbox is not in sync with the Podfile.lock. Run 'pod install' or update your CocoaPods installation.\" >&2\n    exit 1\nfi\n# This output is used by Xcode 'outputs' to avoid re-running this script phase.\necho \"SUCCESS\" > \"${SCRIPT_OUTPUT_FILE_0}\"\n";
			showEnvVarsInLog = 0;
		};
/* End PBXShellScriptBuildPhase section */

/* Begin PBXSourcesBuildPhase section */
		66CA6661284D3D140094A0B1 /* Sources */ = {
			isa = PBXSourcesBuildPhase;
			buildActionMask = 2147483647;
			files = (
				66CA666D284D3D140094A0B1 /* ViewController.swift in Sources */,
				66CA6669284D3D140094A0B1 /* AppDelegate.swift in Sources */,
				66CA666B284D3D140094A0B1 /* SceneDelegate.swift in Sources */,
			);
			runOnlyForDeploymentPostprocessing = 0;
		};
		66CA6677284D3D160094A0B1 /* Sources */ = {
			isa = PBXSourcesBuildPhase;
			buildActionMask = 2147483647;
			files = (
				66CA6680284D3D160094A0B1 /* TryBGTaskTests.swift in Sources */,
			);
			runOnlyForDeploymentPostprocessing = 0;
		};
		66CA6681284D3D160094A0B1 /* Sources */ = {
			isa = PBXSourcesBuildPhase;
			buildActionMask = 2147483647;
			files = (
				66CA668C284D3D160094A0B1 /* TryBGTaskUITestsLaunchTests.swift in Sources */,
				66CA668A284D3D160094A0B1 /* TryBGTaskUITests.swift in Sources */,
			);
			runOnlyForDeploymentPostprocessing = 0;
		};
/* End PBXSourcesBuildPhase section */

/* Begin PBXTargetDependency section */
		66CA667D284D3D160094A0B1 /* PBXTargetDependency */ = {
			isa = PBXTargetDependency;
			target = 66CA6664284D3D140094A0B1 /* TryBGTask */;
			targetProxy = 66CA667C284D3D160094A0B1 /* PBXContainerItemProxy */;
		};
		66CA6687284D3D160094A0B1 /* PBXTargetDependency */ = {
			isa = PBXTargetDependency;
			target = 66CA6664284D3D140094A0B1 /* TryBGTask */;
			targetProxy = 66CA6686284D3D160094A0B1 /* PBXContainerItemProxy */;
		};
/* End PBXTargetDependency section */

/* Begin PBXVariantGroup section */
		66CA666E284D3D140094A0B1 /* Main.storyboard */ = {
			isa = PBXVariantGroup;
			children = (
				66CA666F284D3D140094A0B1 /* Base */,
			);
			name = Main.storyboard;
			sourceTree = "<group>";
		};
		66CA6673284D3D160094A0B1 /* LaunchScreen.storyboard */ = {
			isa = PBXVariantGroup;
			children = (
				66CA6674284D3D160094A0B1 /* Base */,
			);
			name = LaunchScreen.storyboard;
			sourceTree = "<group>";
		};
/* End PBXVariantGroup section */

/* Begin XCBuildConfiguration section */
		66CA668D284D3D160094A0B1 /* Debug */ = {
			isa = XCBuildConfiguration;
			buildSettings = {
				ALWAYS_SEARCH_USER_PATHS = NO;
				CLANG_ANALYZER_NONNULL = YES;
				CLANG_ANALYZER_NUMBER_OBJECT_CONVERSION = YES_AGGRESSIVE;
				CLANG_CXX_LANGUAGE_STANDARD = "gnu++17";
				CLANG_ENABLE_MODULES = YES;
				CLANG_ENABLE_OBJC_ARC = YES;
				CLANG_ENABLE_OBJC_WEAK = YES;
				CLANG_WARN_BLOCK_CAPTURE_AUTORELEASING = YES;
				CLANG_WARN_BOOL_CONVERSION = YES;
				CLANG_WARN_COMMA = YES;
				CLANG_WARN_CONSTANT_CONVERSION = YES;
				CLANG_WARN_DEPRECATED_OBJC_IMPLEMENTATIONS = YES;
				CLANG_WARN_DIRECT_OBJC_ISA_USAGE = YES_ERROR;
				CLANG_WARN_DOCUMENTATION_COMMENTS = YES;
				CLANG_WARN_EMPTY_BODY = YES;
				CLANG_WARN_ENUM_CONVERSION = YES;
				CLANG_WARN_INFINITE_RECURSION = YES;
				CLANG_WARN_INT_CONVERSION = YES;
				CLANG_WARN_NON_LITERAL_NULL_CONVERSION = YES;
				CLANG_WARN_OBJC_IMPLICIT_RETAIN_SELF = YES;
				CLANG_WARN_OBJC_LITERAL_CONVERSION = YES;
				CLANG_WARN_OBJC_ROOT_CLASS = YES_ERROR;
				CLANG_WARN_QUOTED_INCLUDE_IN_FRAMEWORK_HEADER = YES;
				CLANG_WARN_RANGE_LOOP_ANALYSIS = YES;
				CLANG_WARN_STRICT_PROTOTYPES = YES;
				CLANG_WARN_SUSPICIOUS_MOVE = YES;
				CLANG_WARN_UNGUARDED_AVAILABILITY = YES_AGGRESSIVE;
				CLANG_WARN_UNREACHABLE_CODE = YES;
				CLANG_WARN__DUPLICATE_METHOD_MATCH = YES;
				COPY_PHASE_STRIP = NO;
				DEBUG_INFORMATION_FORMAT = dwarf;
				ENABLE_STRICT_OBJC_MSGSEND = YES;
				ENABLE_TESTABILITY = YES;
				GCC_C_LANGUAGE_STANDARD = gnu11;
				GCC_DYNAMIC_NO_PIC = NO;
				GCC_NO_COMMON_BLOCKS = YES;
				GCC_OPTIMIZATION_LEVEL = 0;
				GCC_PREPROCESSOR_DEFINITIONS = (
					"DEBUG=1",
					"$(inherited)",
				);
				GCC_WARN_64_TO_32_BIT_CONVERSION = YES;
				GCC_WARN_ABOUT_RETURN_TYPE = YES_ERROR;
				GCC_WARN_UNDECLARED_SELECTOR = YES;
				GCC_WARN_UNINITIALIZED_AUTOS = YES_AGGRESSIVE;
				GCC_WARN_UNUSED_FUNCTION = YES;
				GCC_WARN_UNUSED_VARIABLE = YES;
				IPHONEOS_DEPLOYMENT_TARGET = 15.5;
				MTL_ENABLE_DEBUG_INFO = INCLUDE_SOURCE;
				MTL_FAST_MATH = YES;
				ONLY_ACTIVE_ARCH = YES;
				SDKROOT = iphoneos;
				SWIFT_ACTIVE_COMPILATION_CONDITIONS = DEBUG;
				SWIFT_OPTIMIZATION_LEVEL = "-Onone";
			};
			name = Debug;
		};
		66CA668E284D3D160094A0B1 /* Release */ = {
			isa = XCBuildConfiguration;
			buildSettings = {
				ALWAYS_SEARCH_USER_PATHS = NO;
				CLANG_ANALYZER_NONNULL = YES;
				CLANG_ANALYZER_NUMBER_OBJECT_CONVERSION = YES_AGGRESSIVE;
				CLANG_CXX_LANGUAGE_STANDARD = "gnu++17";
				CLANG_ENABLE_MODULES = YES;
				CLANG_ENABLE_OBJC_ARC = YES;
				CLANG_ENABLE_OBJC_WEAK = YES;
				CLANG_WARN_BLOCK_CAPTURE_AUTORELEASING = YES;
				CLANG_WARN_BOOL_CONVERSION = YES;
				CLANG_WARN_COMMA = YES;
				CLANG_WARN_CONSTANT_CONVERSION = YES;
				CLANG_WARN_DEPRECATED_OBJC_IMPLEMENTATIONS = YES;
				CLANG_WARN_DIRECT_OBJC_ISA_USAGE = YES_ERROR;
				CLANG_WARN_DOCUMENTATION_COMMENTS = YES;
				CLANG_WARN_EMPTY_BODY = YES;
				CLANG_WARN_ENUM_CONVERSION = YES;
				CLANG_WARN_INFINITE_RECURSION = YES;
				CLANG_WARN_INT_CONVERSION = YES;
				CLANG_WARN_NON_LITERAL_NULL_CONVERSION = YES;
				CLANG_WARN_OBJC_IMPLICIT_RETAIN_SELF = YES;
				CLANG_WARN_OBJC_LITERAL_CONVERSION = YES;
				CLANG_WARN_OBJC_ROOT_CLASS = YES_ERROR;
				CLANG_WARN_QUOTED_INCLUDE_IN_FRAMEWORK_HEADER = YES;
				CLANG_WARN_RANGE_LOOP_ANALYSIS = YES;
				CLANG_WARN_STRICT_PROTOTYPES = YES;
				CLANG_WARN_SUSPICIOUS_MOVE = YES;
				CLANG_WARN_UNGUARDED_AVAILABILITY = YES_AGGRESSIVE;
				CLANG_WARN_UNREACHABLE_CODE = YES;
				CLANG_WARN__DUPLICATE_METHOD_MATCH = YES;
				COPY_PHASE_STRIP = NO;
				DEBUG_INFORMATION_FORMAT = "dwarf-with-dsym";
				ENABLE_NS_ASSERTIONS = NO;
				ENABLE_STRICT_OBJC_MSGSEND = YES;
				GCC_C_LANGUAGE_STANDARD = gnu11;
				GCC_NO_COMMON_BLOCKS = YES;
				GCC_WARN_64_TO_32_BIT_CONVERSION = YES;
				GCC_WARN_ABOUT_RETURN_TYPE = YES_ERROR;
				GCC_WARN_UNDECLARED_SELECTOR = YES;
				GCC_WARN_UNINITIALIZED_AUTOS = YES_AGGRESSIVE;
				GCC_WARN_UNUSED_FUNCTION = YES;
				GCC_WARN_UNUSED_VARIABLE = YES;
				IPHONEOS_DEPLOYMENT_TARGET = 15.5;
				MTL_ENABLE_DEBUG_INFO = NO;
				MTL_FAST_MATH = YES;
				SDKROOT = iphoneos;
				SWIFT_COMPILATION_MODE = wholemodule;
				SWIFT_OPTIMIZATION_LEVEL = "-O";
				VALIDATE_PRODUCT = YES;
			};
			name = Release;
		};
		66CA6690284D3D160094A0B1 /* Debug */ = {
			isa = XCBuildConfiguration;
			baseConfigurationReference = C92C517A48041199B9CD7B1E /* Pods-TryBGTask.debug.xcconfig */;
			buildSettings = {
				ASSETCATALOG_COMPILER_APPICON_NAME = AppIcon;
				ASSETCATALOG_COMPILER_GLOBAL_ACCENT_COLOR_NAME = AccentColor;
				CLANG_ENABLE_MODULES = YES;
				CODE_SIGN_ENTITLEMENTS = TryBGTask/TryBGTask.entitlements;
				CODE_SIGN_STYLE = Automatic;
				CURRENT_PROJECT_VERSION = 1;
				DEVELOPMENT_TEAM = FZXCUUS8M8;
				GENERATE_INFOPLIST_FILE = YES;
				INFOPLIST_FILE = TryBGTask/Info.plist;
				INFOPLIST_KEY_UIApplicationSupportsIndirectInputEvents = YES;
				INFOPLIST_KEY_UILaunchStoryboardName = LaunchScreen;
				INFOPLIST_KEY_UIMainStoryboardFile = Main;
				INFOPLIST_KEY_UISupportedInterfaceOrientations_iPad = "UIInterfaceOrientationPortrait UIInterfaceOrientationPortraitUpsideDown UIInterfaceOrientationLandscapeLeft UIInterfaceOrientationLandscapeRight";
				INFOPLIST_KEY_UISupportedInterfaceOrientations_iPhone = "UIInterfaceOrientationPortrait UIInterfaceOrientationLandscapeLeft UIInterfaceOrientationLandscapeRight";
				IPHONEOS_DEPLOYMENT_TARGET = 15.0;
				LD_RUNPATH_SEARCH_PATHS = (
					"$(inherited)",
					"@executable_path/Frameworks",
				);
				LIBRARY_SEARCH_PATHS = (
					"$(inherited)",
					"$(PROJECT_DIR)/TryBGTask",
				);
				MARKETING_VERSION = 1.0;
				PRODUCT_BUNDLE_IDENTIFIER = com.augmedix.TryBGTask;
				PRODUCT_NAME = "$(TARGET_NAME)";
				SWIFT_EMIT_LOC_STRINGS = YES;
				SWIFT_OBJC_BRIDGING_HEADER = "TryBGTask/TryBGTask-Bridging-Header.h";
				SWIFT_OPTIMIZATION_LEVEL = "-Onone";
				SWIFT_VERSION = 5.0;
				TARGETED_DEVICE_FAMILY = "1,2";
			};
			name = Debug;
		};
		66CA6691284D3D160094A0B1 /* Release */ = {
			isa = XCBuildConfiguration;
			baseConfigurationReference = 13F347B100A0F49B4CE7296A /* Pods-TryBGTask.release.xcconfig */;
			buildSettings = {
				ASSETCATALOG_COMPILER_APPICON_NAME = AppIcon;
				ASSETCATALOG_COMPILER_GLOBAL_ACCENT_COLOR_NAME = AccentColor;
				CLANG_ENABLE_MODULES = YES;
				CODE_SIGN_ENTITLEMENTS = TryBGTask/TryBGTask.entitlements;
				CODE_SIGN_STYLE = Automatic;
				CURRENT_PROJECT_VERSION = 1;
				DEVELOPMENT_TEAM = FZXCUUS8M8;
				GENERATE_INFOPLIST_FILE = YES;
				INFOPLIST_FILE = TryBGTask/Info.plist;
				INFOPLIST_KEY_UIApplicationSupportsIndirectInputEvents = YES;
				INFOPLIST_KEY_UILaunchStoryboardName = LaunchScreen;
				INFOPLIST_KEY_UIMainStoryboardFile = Main;
				INFOPLIST_KEY_UISupportedInterfaceOrientations_iPad = "UIInterfaceOrientationPortrait UIInterfaceOrientationPortraitUpsideDown UIInterfaceOrientationLandscapeLeft UIInterfaceOrientationLandscapeRight";
				INFOPLIST_KEY_UISupportedInterfaceOrientations_iPhone = "UIInterfaceOrientationPortrait UIInterfaceOrientationLandscapeLeft UIInterfaceOrientationLandscapeRight";
				IPHONEOS_DEPLOYMENT_TARGET = 15.0;
				LD_RUNPATH_SEARCH_PATHS = (
					"$(inherited)",
					"@executable_path/Frameworks",
				);
				LIBRARY_SEARCH_PATHS = (
					"$(inherited)",
					"$(PROJECT_DIR)/TryBGTask",
				);
				MARKETING_VERSION = 1.0;
				PRODUCT_BUNDLE_IDENTIFIER = com.augmedix.TryBGTask;
				PRODUCT_NAME = "$(TARGET_NAME)";
				SWIFT_EMIT_LOC_STRINGS = YES;
				SWIFT_OBJC_BRIDGING_HEADER = "TryBGTask/TryBGTask-Bridging-Header.h";
				SWIFT_VERSION = 5.0;
				TARGETED_DEVICE_FAMILY = "1,2";
			};
			name = Release;
		};
		66CA6693284D3D160094A0B1 /* Debug */ = {
			isa = XCBuildConfiguration;
			baseConfigurationReference = FC8D7E4CA2F1349AE67D15CE /* Pods-TryBGTaskTests.debug.xcconfig */;
			buildSettings = {
				ALWAYS_EMBED_SWIFT_STANDARD_LIBRARIES = YES;
				BUNDLE_LOADER = "$(TEST_HOST)";
				CODE_SIGN_STYLE = Automatic;
				CURRENT_PROJECT_VERSION = 1;
				DEVELOPMENT_TEAM = FZXCUUS8M8;
				GENERATE_INFOPLIST_FILE = YES;
				IPHONEOS_DEPLOYMENT_TARGET = 15.5;
				MARKETING_VERSION = 1.0;
				PRODUCT_BUNDLE_IDENTIFIER = com.augmedix.TryBGTaskTests;
				PRODUCT_NAME = "$(TARGET_NAME)";
				SWIFT_EMIT_LOC_STRINGS = NO;
				SWIFT_VERSION = 5.0;
				TARGETED_DEVICE_FAMILY = "1,2";
				TEST_HOST = "$(BUILT_PRODUCTS_DIR)/TryBGTask.app/TryBGTask";
			};
			name = Debug;
		};
		66CA6694284D3D160094A0B1 /* Release */ = {
			isa = XCBuildConfiguration;
			baseConfigurationReference = 81FBDB9AFBA57F783DCEC7DD /* Pods-TryBGTaskTests.release.xcconfig */;
			buildSettings = {
				ALWAYS_EMBED_SWIFT_STANDARD_LIBRARIES = YES;
				BUNDLE_LOADER = "$(TEST_HOST)";
				CODE_SIGN_STYLE = Automatic;
				CURRENT_PROJECT_VERSION = 1;
				DEVELOPMENT_TEAM = FZXCUUS8M8;
				GENERATE_INFOPLIST_FILE = YES;
				IPHONEOS_DEPLOYMENT_TARGET = 15.5;
				MARKETING_VERSION = 1.0;
				PRODUCT_BUNDLE_IDENTIFIER = com.augmedix.TryBGTaskTests;
				PRODUCT_NAME = "$(TARGET_NAME)";
				SWIFT_EMIT_LOC_STRINGS = NO;
				SWIFT_VERSION = 5.0;
				TARGETED_DEVICE_FAMILY = "1,2";
				TEST_HOST = "$(BUILT_PRODUCTS_DIR)/TryBGTask.app/TryBGTask";
			};
			name = Release;
		};
		66CA6696284D3D160094A0B1 /* Debug */ = {
			isa = XCBuildConfiguration;
			baseConfigurationReference = 635506D5AED69660481019F4 /* Pods-TryBGTask-TryBGTaskUITests.debug.xcconfig */;
			buildSettings = {
				ALWAYS_EMBED_SWIFT_STANDARD_LIBRARIES = YES;
				CODE_SIGN_STYLE = Automatic;
				CURRENT_PROJECT_VERSION = 1;
				DEVELOPMENT_TEAM = FZXCUUS8M8;
				GENERATE_INFOPLIST_FILE = YES;
				MARKETING_VERSION = 1.0;
				PRODUCT_BUNDLE_IDENTIFIER = com.augmedix.TryBGTaskUITests;
				PRODUCT_NAME = "$(TARGET_NAME)";
				SWIFT_EMIT_LOC_STRINGS = NO;
				SWIFT_VERSION = 5.0;
				TARGETED_DEVICE_FAMILY = "1,2";
				TEST_TARGET_NAME = TryBGTask;
			};
			name = Debug;
		};
		66CA6697284D3D160094A0B1 /* Release */ = {
			isa = XCBuildConfiguration;
			baseConfigurationReference = 665CEE862A04066C25655E37 /* Pods-TryBGTask-TryBGTaskUITests.release.xcconfig */;
			buildSettings = {
				ALWAYS_EMBED_SWIFT_STANDARD_LIBRARIES = YES;
				CODE_SIGN_STYLE = Automatic;
				CURRENT_PROJECT_VERSION = 1;
				DEVELOPMENT_TEAM = FZXCUUS8M8;
				GENERATE_INFOPLIST_FILE = YES;
				MARKETING_VERSION = 1.0;
				PRODUCT_BUNDLE_IDENTIFIER = com.augmedix.TryBGTaskUITests;
				PRODUCT_NAME = "$(TARGET_NAME)";
				SWIFT_EMIT_LOC_STRINGS = NO;
				SWIFT_VERSION = 5.0;
				TARGETED_DEVICE_FAMILY = "1,2";
				TEST_TARGET_NAME = TryBGTask;
			};
			name = Release;
		};
/* End XCBuildConfiguration section */

/* Begin XCConfigurationList section */
		66CA6660284D3D140094A0B1 /* Build configuration list for PBXProject "TryBGTask" */ = {
			isa = XCConfigurationList;
			buildConfigurations = (
				66CA668D284D3D160094A0B1 /* Debug */,
				66CA668E284D3D160094A0B1 /* Release */,
			);
			defaultConfigurationIsVisible = 0;
			defaultConfigurationName = Release;
		};
		66CA668F284D3D160094A0B1 /* Build configuration list for PBXNativeTarget "TryBGTask" */ = {
			isa = XCConfigurationList;
			buildConfigurations = (
				66CA6690284D3D160094A0B1 /* Debug */,
				66CA6691284D3D160094A0B1 /* Release */,
			);
			defaultConfigurationIsVisible = 0;
			defaultConfigurationName = Release;
		};
		66CA6692284D3D160094A0B1 /* Build configuration list for PBXNativeTarget "TryBGTaskTests" */ = {
			isa = XCConfigurationList;
			buildConfigurations = (
				66CA6693284D3D160094A0B1 /* Debug */,
				66CA6694284D3D160094A0B1 /* Release */,
			);
			defaultConfigurationIsVisible = 0;
			defaultConfigurationName = Release;
		};
		66CA6695284D3D160094A0B1 /* Build configuration list for PBXNativeTarget "TryBGTaskUITests" */ = {
			isa = XCConfigurationList;
			buildConfigurations = (
				66CA6696284D3D160094A0B1 /* Debug */,
				66CA6697284D3D160094A0B1 /* Release */,
			);
			defaultConfigurationIsVisible = 0;
			defaultConfigurationName = Release;
		};
/* End XCConfigurationList section */
	};
	rootObject = 66CA665D284D3D140094A0B1 /* Project object */;
}
